<?xml version="1.0" encoding="utf-8"?>
<Project ToolsVersion="4.0" xmlns="http://schemas.microsoft.com/developer/msbuild/2003">
  <ItemGroup>
    <Filter Include="Source Files">
      <UniqueIdentifier>{4FC737F1-C7A5-4376-A066-2A32D752A2FF}</UniqueIdentifier>
      <Extensions>cpp;c;cc;cxx;c++;cppm;ixx;def;odl;idl;hpj;bat;asm;asmx</Extensions>
    </Filter>
    <Filter Include="Header Files">
      <UniqueIdentifier>{93995380-89BD-4b04-88EB-625FBE52EBFB}</UniqueIdentifier>
      <Extensions>h;hh;hpp;hxx;h++;hm;inl;inc;ipp;xsd</Extensions>
    </Filter>
    <Filter Include="Resource Files">
      <UniqueIdentifier>{67DA6AB6-F800-4c08-8B7A-83BB121AAD01}</UniqueIdentifier>
      <Extensions>rc;ico;cur;bmp;dlg;rc2;rct;bin;rgs;gif;jpg;jpeg;jpe;resx;tiff;tif;png;wav;mfcribbon-ms</Extensions>
    </Filter>
    <Filter Include="Source Files\engine">
      <UniqueIdentifier>{b8c4cb29-f053-49c4-b7ec-a08254eb5ec1}</UniqueIdentifier>
    </Filter>
  </ItemGroup>
  <ItemGroup>
    <ClCompile Include="main.cc">
      <Filter>Source Files</Filter>
    </ClCompile>
    <ClCompile Include="game_engine.cc">
      <Filter>Source Files</Filter>
    </ClCompile>
    <ClCompile Include="main_menu_scene.cc">
      <Filter>Source Files</Filter>
    </ClCompile>
    <ClCompile Include="asset_manager.cpp">
      <Filter>Source Files</Filter>
    </ClCompile>
    <ClCompile Include="entity_manager.cpp">
      <Filter>Source Files</Filter>
    </ClCompile>
    <ClCompile Include="play_scene.cpp">
      <Filter>Source Files</Filter>
    </ClCompile>
    <ClCompile Include="music_player.cpp">
      <Filter>Source Files</Filter>
    </ClCompile>
    <ClCompile Include="level_entity_factory.cpp">
      <Filter>Source Files</Filter>
    </ClCompile>
    <ClCompile Include="level_loader.cpp">
      <Filter>Source Files</Filter>
    </ClCompile>
  </ItemGroup>
  <ItemGroup>
    <ClInclude Include="game_engine.h">
      <Filter>Source Files</Filter>
    </ClInclude>
    <ClInclude Include="game_scene.h">
      <Filter>Source Files</Filter>
    </ClInclude>
    <ClInclude Include="main_menu_scene.h">
      <Filter>Source Files</Filter>
    </ClInclude>
    <ClInclude Include="asset_manager.h">
      <Filter>Source Files</Filter>
    </ClInclude>
    <ClInclude Include="assets.h">
      <Filter>Source Files</Filter>
    </ClInclude>
    <ClInclude Include="constants.h">
      <Filter>Source Files</Filter>
    </ClInclude>
    <ClInclude Include="entity_manager.h">
      <Filter>Source Files</Filter>
    </ClInclude>
    <ClInclude Include="game_controls.h">
      <Filter>Source Files</Filter>
    </ClInclude>
    <ClInclude Include="scene_context.h">
      <Filter>Source Files</Filter>
    </ClInclude>
    <ClInclude Include="play_scene.h">
      <Filter>Source Files</Filter>
    </ClInclude>
    <ClInclude Include="music_player.h">
      <Filter>Source Files</Filter>
    </ClInclude>
    <ClInclude Include="level_entity_factory.h">
      <Filter>Source Files</Filter>
    </ClInclude>
    <ClInclude Include="level_loader.h">
      <Filter>Source Files</Filter>
    </ClInclude>
  </ItemGroup>
  <ItemGroup>
    <None Include=".clang-format" />
  </ItemGroup>
</Project>